
Microsoft Visual Studio Solution File, Format Version 12.00
# Visual Studio Version 17
VisualStudioVersion = 17.0.31903.59
MinimumVisualStudioVersion = 10.0.40219.1
Project("{2150E333-8FDC-42A3-9474-1A3956D46DE8}") = "src", "src", "{61FE1D58-2E03-4BFA-98F1-595B3AD34EF6}"
EndProject
Project("{FAE04EC0-301F-11D3-BF4B-00C04F79EFBC}") = "Debales.AI", "src\Debales.AI\Debales.AI.csproj", "{CFFF8197-1794-4962-956C-EAB95C5CAE67}"
EndProject
Project("{FAE04EC0-301F-11D3-BF4B-00C04F79EFBC}") = "Debales.Api", "src\Debales.Api\Debales.Api.csproj", "{9D7DEB18-5CFA-455A-83FA-B99555A1EEFC}"
EndProject
Project("{FAE04EC0-301F-11D3-BF4B-00C04F79EFBC}") = "Debales.Application", "src\Debales.Application\Debales.Application.csproj", "{F550AB10-CB91-4EE0-9AE8-C95D19AE6332}"
EndProject
Project("{FAE04EC0-301F-11D3-BF4B-00C04F79EFBC}") = "Debales.Domain", "src\Debales.Domain\Debales.Domain.csproj", "{86B2C245-0C4A-4EC2-820C-8113BB3EC5C9}"
EndProject
Project("{FAE04EC0-301F-11D3-BF4B-00C04F79EFBC}") = "Debales.Infrastructure", "src\Debales.Infrastructure\Debales.Infrastructure.csproj", "{9C22CC4F-A4A0-4867-97EC-D2A38117D022}"
EndProject
Project("{FAE04EC0-301F-11D3-BF4B-00C04F79EFBC}") = "Debales.Web", "src\Debales.Web\Debales.Web.csproj", "{99B17F44-48D7-4127-949C-D6FEE85CD237}"
EndProject
Project("{2150E333-8FDC-42A3-9474-1A3956D46DE8}") = "Debales.Modules", "Debales.Modules", "{C3E06BCE-EAB0-4173-8359-30C65FFB57A9}"
EndProject
Project("{FAE04EC0-301F-11D3-BF4B-00C04F79EFBC}") = "Debales.Modules.Core", "src\Debales.Modules\Core\Debales.Modules.Core.csproj", "{727F9387-9B3F-44D7-A6AA-C961216D26B5}"
EndProject
Project("{2150E333-8FDC-42A3-9474-1A3956D46DE8}") = "tests", "tests", "{7CAD8C37-9392-4391-88CB-F30B3D65817C}"
EndProject
Project("{FAE04EC0-301F-11D3-BF4B-00C04F79EFBC}") = "Debales.Application.Tests", "tests\Debales.Application.Tests\Debales.Application.Tests.csproj", "{80159F95-3B11-4024-B209-073324462C43}"
EndProject
Project("{FAE04EC0-301F-11D3-BF4B-00C04F79EFBC}") = "Debales.Domain.Tests", "tests\Debales.Domain.Tests\Debales.Domain.Tests.csproj", "{C7EFF8BF-FC17-41C1-B9B3-724A64755B42}"
EndProject
Project("{FAE04EC0-301F-11D3-BF4B-00C04F79EFBC}") = "Debales.Integration.Tests", "tests\Debales.Integration.Tests\Debales.Integration.Tests.csproj", "{DCC7A933-B634-4D1E-B103-1248177B4A01}"
EndProject
Global
	GlobalSection(SolutionConfigurationPlatforms) = preSolution
		Debug|Any CPU = Debug|Any CPU
		Release|Any CPU = Release|Any CPU
	EndGlobalSection
	GlobalSection(SolutionProperties) = preSolution
		HideSolutionNode = FALSE
	EndGlobalSection
	GlobalSection(ProjectConfigurationPlatforms) = postSolution
		{CFFF8197-1794-4962-956C-EAB95C5CAE67}.Debug|Any CPU.ActiveCfg = Debug|Any CPU
		{CFFF8197-1794-4962-956C-EAB95C5CAE67}.Debug|Any CPU.Build.0 = Debug|Any CPU
		{CFFF8197-1794-4962-956C-EAB95C5CAE67}.Release|Any CPU.ActiveCfg = Release|Any CPU
		{CFFF8197-1794-4962-956C-EAB95C5CAE67}.Release|Any CPU.Build.0 = Release|Any CPU
		{9D7DEB18-5CFA-455A-83FA-B99555A1EEFC}.Debug|Any CPU.ActiveCfg = Debug|Any CPU
		{9D7DEB18-5CFA-455A-83FA-B99555A1EEFC}.Debug|Any CPU.Build.0 = Debug|Any CPU
		{9D7DEB18-5CFA-455A-83FA-B99555A1EEFC}.Release|Any CPU.ActiveCfg = Release|Any CPU
		{9D7DEB18-5CFA-455A-83FA-B99555A1EEFC}.Release|Any CPU.Build.0 = Release|Any CPU
		{F550AB10-CB91-4EE0-9AE8-C95D19AE6332}.Debug|Any CPU.ActiveCfg = Debug|Any CPU
		{F550AB10-CB91-4EE0-9AE8-C95D19AE6332}.Debug|Any CPU.Build.0 = Debug|Any CPU
		{F550AB10-CB91-4EE0-9AE8-C95D19AE6332}.Release|Any CPU.ActiveCfg = Release|Any CPU
		{F550AB10-CB91-4EE0-9AE8-C95D19AE6332}.Release|Any CPU.Build.0 = Release|Any CPU
		{86B2C245-0C4A-4EC2-820C-8113BB3EC5C9}.Debug|Any CPU.ActiveCfg = Debug|Any CPU
		{86B2C245-0C4A-4EC2-820C-8113BB3EC5C9}.Debug|Any CPU.Build.0 = Debug|Any CPU
		{86B2C245-0C4A-4EC2-820C-8113BB3EC5C9}.Release|Any CPU.ActiveCfg = Release|Any CPU
		{86B2C245-0C4A-4EC2-820C-8113BB3EC5C9}.Release|Any CPU.Build.0 = Release|Any CPU
		{9C22CC4F-A4A0-4867-97EC-D2A38117D022}.Debug|Any CPU.ActiveCfg = Debug|Any CPU
		{9C22CC4F-A4A0-4867-97EC-D2A38117D022}.Debug|Any CPU.Build.0 = Debug|Any CPU
		{9C22CC4F-A4A0-4867-97EC-D2A38117D022}.Release|Any CPU.ActiveCfg = Release|Any CPU
		{9C22CC4F-A4A0-4867-97EC-D2A38117D022}.Release|Any CPU.Build.0 = Release|Any CPU
		{99B17F44-48D7-4127-949C-D6FEE85CD237}.Debug|Any CPU.ActiveCfg = Debug|Any CPU
		{99B17F44-48D7-4127-949C-D6FEE85CD237}.Debug|Any CPU.Build.0 = Debug|Any CPU
		{99B17F44-48D7-4127-949C-D6FEE85CD237}.Release|Any CPU.ActiveCfg = Release|Any CPU
		{99B17F44-48D7-4127-949C-D6FEE85CD237}.Release|Any CPU.Build.0 = Release|Any CPU
		{727F9387-9B3F-44D7-A6AA-C961216D26B5}.Debug|Any CPU.ActiveCfg = Debug|Any CPU
		{727F9387-9B3F-44D7-A6AA-C961216D26B5}.Debug|Any CPU.Build.0 = Debug|Any CPU
		{727F9387-9B3F-44D7-A6AA-C961216D26B5}.Release|Any CPU.ActiveCfg = Release|Any CPU
		{727F9387-9B3F-44D7-A6AA-C961216D26B5}.Release|Any CPU.Build.0 = Release|Any CPU
		{80159F95-3B11-4024-B209-073324462C43}.Debug|Any CPU.ActiveCfg = Debug|Any CPU
		{80159F95-3B11-4024-B209-073324462C43}.Debug|Any CPU.Build.0 = Debug|Any CPU
		{80159F95-3B11-4024-B209-073324462C43}.Release|Any CPU.ActiveCfg = Release|Any CPU
		{80159F95-3B11-4024-B209-073324462C43}.Release|Any CPU.Build.0 = Release|Any CPU
		{C7EFF8BF-FC17-41C1-B9B3-724A64755B42}.Debug|Any CPU.ActiveCfg = Debug|Any CPU
		{C7EFF8BF-FC17-41C1-B9B3-724A64755B42}.Debug|Any CPU.Build.0 = Debug|Any CPU
		{C7EFF8BF-FC17-41C1-B9B3-724A64755B42}.Release|Any CPU.ActiveCfg = Release|Any CPU
		{C7EFF8BF-FC17-41C1-B9B3-724A64755B42}.Release|Any CPU.Build.0 = Release|Any CPU
		{DCC7A933-B634-4D1E-B103-1248177B4A01}.Debug|Any CPU.ActiveCfg = Debug|Any CPU
		{DCC7A933-B634-4D1E-B103-1248177B4A01}.Debug|Any CPU.Build.0 = Debug|Any CPU
		{DCC7A933-B634-4D1E-B103-1248177B4A01}.Release|Any CPU.ActiveCfg = Release|Any CPU
		{DCC7A933-B634-4D1E-B103-1248177B4A01}.Release|Any CPU.Build.0 = Release|Any CPU
	EndGlobalSection
	GlobalSection(NestedProjects) = preSolution
		{CFFF8197-1794-4962-956C-EAB95C5CAE67} = {61FE1D58-2E03-4BFA-98F1-595B3AD34EF6}
		{9D7DEB18-5CFA-455A-83FA-B99555A1EEFC} = {61FE1D58-2E03-4BFA-98F1-595B3AD34EF6}
		{F550AB10-CB91-4EE0-9AE8-C95D19AE6332} = {61FE1D58-2E03-4BFA-98F1-595B3AD34EF6}
		{86B2C245-0C4A-4EC2-820C-8113BB3EC5C9} = {61FE1D58-2E03-4BFA-98F1-595B3AD34EF6}
		{9C22CC4F-A4A0-4867-97EC-D2A38117D022} = {61FE1D58-2E03-4BFA-98F1-595B3AD34EF6}
		{99B17F44-48D7-4127-949C-D6FEE85CD237} = {61FE1D58-2E03-4BFA-98F1-595B3AD34EF6}
		{C3E06BCE-EAB0-4173-8359-30C65FFB57A9} = {61FE1D58-2E03-4BFA-98F1-595B3AD34EF6}
		{727F9387-9B3F-44D7-A6AA-C961216D26B5} = {C3E06BCE-EAB0-4173-8359-30C65FFB57A9}
		{80159F95-3B11-4024-B209-073324462C43} = {7CAD8C37-9392-4391-88CB-F30B3D65817C}
		{C7EFF8BF-FC17-41C1-B9B3-724A64755B42} = {7CAD8C37-9392-4391-88CB-F30B3D65817C}
		{DCC7A933-B634-4D1E-B103-1248177B4A01} = {7CAD8C37-9392-4391-88CB-F30B3D65817C}
	EndGlobalSection
EndGlobal
